
Microsoft Visual Studio Solution File, Format Version 12.00
# Visual Studio Version 17
VisualStudioVersion = 17.4.33213.308
MinimumVisualStudioVersion = 10.0.40219.1
Project("{9A19103F-16F7-4668-BE54-9A1E7A4F7556}") = "Core", "Core\Core.csproj", "{3313102C-7FD5-42CD-A73D-D2B7B2A8218F}"
EndProject
Project("{9A19103F-16F7-4668-BE54-9A1E7A4F7556}") = "DataAccess", "DataAccess\DataAccess.csproj", "{56E65F8D-85D1-4AD6-ADBE-ECE478F9DA92}"
EndProject
Project("{9A19103F-16F7-4668-BE54-9A1E7A4F7556}") = "Services", "Services\Services.csproj", "{1B1F819F-2BCA-45B9-B526-2EF1D65DCF75}"
EndProject
Project("{9A19103F-16F7-4668-BE54-9A1E7A4F7556}") = "Api", "Api\Api.csproj", "{6AF44D62-C4D9-4D48-AA3C-4659C82AA2A0}"
EndProject
Project("{E53339B2-1760-4266-BCC7-CA923CBCF16C}") = "docker-compose", "docker-compose.dcproj", "{DD2CDCB3-EEBD-4126-B7F8-2CDBE1D60A25}"
EndProject
Global
	GlobalSection(SolutionConfigurationPlatforms) = preSolution
		Debug|Any CPU = Debug|Any CPU
		Release|Any CPU = Release|Any CPU
	EndGlobalSection
	GlobalSection(ProjectConfigurationPlatforms) = postSolution
		{3313102C-7FD5-42CD-A73D-D2B7B2A8218F}.Debug|Any CPU.ActiveCfg = Debug|Any CPU
		{3313102C-7FD5-42CD-A73D-D2B7B2A8218F}.Debug|Any CPU.Build.0 = Debug|Any CPU
		{3313102C-7FD5-42CD-A73D-D2B7B2A8218F}.Release|Any CPU.ActiveCfg = Release|Any CPU
		{3313102C-7FD5-42CD-A73D-D2B7B2A8218F}.Release|Any CPU.Build.0 = Release|Any CPU
		{56E65F8D-85D1-4AD6-ADBE-ECE478F9DA92}.Debug|Any CPU.ActiveCfg = Debug|Any CPU
		{56E65F8D-85D1-4AD6-ADBE-ECE478F9DA92}.Debug|Any CPU.Build.0 = Debug|Any CPU
		{56E65F8D-85D1-4AD6-ADBE-ECE478F9DA92}.Release|Any CPU.ActiveCfg = Release|Any CPU
		{56E65F8D-85D1-4AD6-ADBE-ECE478F9DA92}.Release|Any CPU.Build.0 = Release|Any CPU
		{1B1F819F-2BCA-45B9-B526-2EF1D65DCF75}.Debug|Any CPU.ActiveCfg = Debug|Any CPU
		{1B1F819F-2BCA-45B9-B526-2EF1D65DCF75}.Debug|Any CPU.Build.0 = Debug|Any CPU
		{1B1F819F-2BCA-45B9-B526-2EF1D65DCF75}.Release|Any CPU.ActiveCfg = Release|Any CPU
		{1B1F819F-2BCA-45B9-B526-2EF1D65DCF75}.Release|Any CPU.Build.0 = Release|Any CPU
		{6AF44D62-C4D9-4D48-AA3C-4659C82AA2A0}.Debug|Any CPU.ActiveCfg = Debug|Any CPU
		{6AF44D62-C4D9-4D48-AA3C-4659C82AA2A0}.Debug|Any CPU.Build.0 = Debug|Any CPU
		{6AF44D62-C4D9-4D48-AA3C-4659C82AA2A0}.Release|Any CPU.ActiveCfg = Release|Any CPU
		{6AF44D62-C4D9-4D48-AA3C-4659C82AA2A0}.Release|Any CPU.Build.0 = Release|Any CPU
		{DD2CDCB3-EEBD-4126-B7F8-2CDBE1D60A25}.Debug|Any CPU.ActiveCfg = Debug|Any CPU
		{DD2CDCB3-EEBD-4126-B7F8-2CDBE1D60A25}.Debug|Any CPU.Build.0 = Debug|Any CPU
		{DD2CDCB3-EEBD-4126-B7F8-2CDBE1D60A25}.Release|Any CPU.ActiveCfg = Release|Any CPU
		{DD2CDCB3-EEBD-4126-B7F8-2CDBE1D60A25}.Release|Any CPU.Build.0 = Release|Any CPU
	EndGlobalSection
	GlobalSection(SolutionProperties) = preSolution
		HideSolutionNode = FALSE
	EndGlobalSection
	GlobalSection(ExtensibilityGlobals) = postSolution
		SolutionGuid = {CC0CF550-4823-4914-905F-66613D867BF8}
	EndGlobalSection
EndGlobal
